{
  "version": 4,
  "terraform_version": "1.10.5",
  "serial": 2,
  "lineage": "ab7f72af-1c55-b207-d9a8-4ecee191fe95",
  "outputs": {
    "asecure-key-arn": {
      "value": "arn:aws:ec2:ap-southeast-1:203918878350:key-pair/hello_cloud_key-pair",
      "type": "string"
    },
    "asecure-key-id": {
      "value": "hello_cloud_key-pair",
      "type": "string"
    },
    "asecure-key-key_name": {
      "value": "hello_cloud_key-pair",
      "type": "string"
    },
    "asecure-key-key_pair_id": {
      "value": "key-058be60207e7716b1",
      "type": "string"
    },
    "asecure-key-key_type": {
      "value": "ed25519",
      "type": "string"
    }
  },
  "resources": [
    {
      "mode": "managed",
      "type": "aws_key_pair",
      "name": "secure-key",
      "provider": "provider[\"registry.terraform.io/hashicorp/aws\"]",
      "instances": [
        {
          "schema_version": 1,
          "attributes": {
            "arn": "arn:aws:ec2:ap-southeast-1:203918878350:key-pair/hello_cloud_key-pair",
            "fingerprint": "BroaKf0aG684pF52bJLPgSUdbrWzW6cBh7s+TbKo4Ig=",
            "id": "hello_cloud_key-pair",
            "key_name": "hello_cloud_key-pair",
            "key_name_prefix": "",
            "key_pair_id": "key-058be60207e7716b1",
            "key_type": "ed25519",
            "public_key": "ssh-ed25519 AAAAC3NzaC1lZDI1NTE5AAAAIL5ZDr59ZY+H2WT8eetcfyXUyJuGCWoMb4jaI5IRu/iK kenneth@Kenneths-MacBook-Pro.local",
            "tags": null,
            "tags_all": {}
          },
          "sensitive_attributes": [],
          "private": "eyJzY2hlbWFfdmVyc2lvbiI6IjEifQ=="
        }
      ]
    }
  ],
  "check_results": null
}
